// !$*UTF8*$!
{
	archiveVersion = 1;
	classes = {
	};
	objectVersion = 55;
	objects = {

/* Begin PBXBuildFile section */
		9641FF45279011C000BA0A1E /* UltimatePortfolioApp.swift in Sources */ = {isa = PBXBuildFile; fileRef = 9641FF44279011C000BA0A1E /* UltimatePortfolioApp.swift */; };
		9641FF47279011C000BA0A1E /* ContentView.swift in Sources */ = {isa = PBXBuildFile; fileRef = 9641FF46279011C000BA0A1E /* ContentView.swift */; };
		9641FF49279011C700BA0A1E /* Assets.xcassets in Resources */ = {isa = PBXBuildFile; fileRef = 9641FF48279011C700BA0A1E /* Assets.xcassets */; };
		9641FF4C279011C700BA0A1E /* Preview Assets.xcassets in Resources */ = {isa = PBXBuildFile; fileRef = 9641FF4B279011C700BA0A1E /* Preview Assets.xcassets */; };
		9641FF54279011DB00BA0A1E /* Main.xcdatamodeld in Sources */ = {isa = PBXBuildFile; fileRef = 9641FF52279011DB00BA0A1E /* Main.xcdatamodeld */; };
		9641FF56279014A200BA0A1E /* DataController.swift in Sources */ = {isa = PBXBuildFile; fileRef = 9641FF55279014A200BA0A1E /* DataController.swift */; };
		964C87F82790317500C2B98D /* CloudKit.framework in Frameworks */ = {isa = PBXBuildFile; fileRef = 964C87F72790317500C2B98D /* CloudKit.framework */; };
		964C87FA2790328D00C2B98D /* HomeView.swift in Sources */ = {isa = PBXBuildFile; fileRef = 964C87F92790328D00C2B98D /* HomeView.swift */; };
		964C87FC2790333500C2B98D /* ProjectsView.swift in Sources */ = {isa = PBXBuildFile; fileRef = 964C87FB2790333500C2B98D /* ProjectsView.swift */; };
		964C8800279111A900C2B98D /* Item-CoreDataHelpers.swift in Sources */ = {isa = PBXBuildFile; fileRef = 964C87FF279111A900C2B98D /* Item-CoreDataHelpers.swift */; };
		96934C73279112C000F96541 /* Project-CoreDataHelpers.swift in Sources */ = {isa = PBXBuildFile; fileRef = 96934C72279112C000F96541 /* Project-CoreDataHelpers.swift */; };
		96934C7527915FDC00F96541 /* EditItemView.swift in Sources */ = {isa = PBXBuildFile; fileRef = 96934C7427915FDC00F96541 /* EditItemView.swift */; };
		96934C772791678C00F96541 /* ItemRowView.swift in Sources */ = {isa = PBXBuildFile; fileRef = 96934C762791678C00F96541 /* ItemRowView.swift */; };
		96934C792791715300F96541 /* Binding-OnChange.swift in Sources */ = {isa = PBXBuildFile; fileRef = 96934C782791715300F96541 /* Binding-OnChange.swift */; };
		96934C7B279175DC00F96541 /* ProjectHeaderView.swift in Sources */ = {isa = PBXBuildFile; fileRef = 96934C7A279175DC00F96541 /* ProjectHeaderView.swift */; };
		96934C7D2791790F00F96541 /* Colors.xcassets in Resources */ = {isa = PBXBuildFile; fileRef = 96934C7C2791790F00F96541 /* Colors.xcassets */; };
		96934C7F27918CAD00F96541 /* EditProjectView.swift in Sources */ = {isa = PBXBuildFile; fileRef = 96934C7E27918CAD00F96541 /* EditProjectView.swift */; };
		96FC33A827926ED40088A500 /* Sequence-Sorting.swift in Sources */ = {isa = PBXBuildFile; fileRef = 96FC33A727926ED40088A500 /* Sequence-Sorting.swift */; };
/* End PBXBuildFile section */

/* Begin PBXFileReference section */
		9641FF41279011C000BA0A1E /* UltimatePortfolio.app */ = {isa = PBXFileReference; explicitFileType = wrapper.application; includeInIndex = 0; path = UltimatePortfolio.app; sourceTree = BUILT_PRODUCTS_DIR; };
		9641FF44279011C000BA0A1E /* UltimatePortfolioApp.swift */ = {isa = PBXFileReference; lastKnownFileType = sourcecode.swift; path = UltimatePortfolioApp.swift; sourceTree = "<group>"; };
		9641FF46279011C000BA0A1E /* ContentView.swift */ = {isa = PBXFileReference; lastKnownFileType = sourcecode.swift; path = ContentView.swift; sourceTree = "<group>"; };
		9641FF48279011C700BA0A1E /* Assets.xcassets */ = {isa = PBXFileReference; lastKnownFileType = folder.assetcatalog; path = Assets.xcassets; sourceTree = "<group>"; };
		9641FF4B279011C700BA0A1E /* Preview Assets.xcassets */ = {isa = PBXFileReference; lastKnownFileType = folder.assetcatalog; path = "Preview Assets.xcassets"; sourceTree = "<group>"; };
		9641FF53279011DB00BA0A1E /* Main.xcdatamodel */ = {isa = PBXFileReference; lastKnownFileType = wrapper.xcdatamodel; path = Main.xcdatamodel; sourceTree = "<group>"; };
		9641FF55279014A200BA0A1E /* DataController.swift */ = {isa = PBXFileReference; lastKnownFileType = sourcecode.swift; path = DataController.swift; sourceTree = "<group>"; };
		9641FF572790301B00BA0A1E /* UltimatePortfolio.entitlements */ = {isa = PBXFileReference; lastKnownFileType = text.plist.entitlements; path = UltimatePortfolio.entitlements; sourceTree = "<group>"; };
		9641FF582790303C00BA0A1E /* Info.plist */ = {isa = PBXFileReference; lastKnownFileType = text.plist; path = Info.plist; sourceTree = "<group>"; };
		964C87F72790317500C2B98D /* CloudKit.framework */ = {isa = PBXFileReference; lastKnownFileType = wrapper.framework; name = CloudKit.framework; path = System/Library/Frameworks/CloudKit.framework; sourceTree = SDKROOT; };
		964C87F92790328D00C2B98D /* HomeView.swift */ = {isa = PBXFileReference; lastKnownFileType = sourcecode.swift; path = HomeView.swift; sourceTree = "<group>"; };
		964C87FB2790333500C2B98D /* ProjectsView.swift */ = {isa = PBXFileReference; lastKnownFileType = sourcecode.swift; path = ProjectsView.swift; sourceTree = "<group>"; };
		964C87FF279111A900C2B98D /* Item-CoreDataHelpers.swift */ = {isa = PBXFileReference; lastKnownFileType = sourcecode.swift; path = "Item-CoreDataHelpers.swift"; sourceTree = "<group>"; };
		96934C72279112C000F96541 /* Project-CoreDataHelpers.swift */ = {isa = PBXFileReference; lastKnownFileType = sourcecode.swift; path = "Project-CoreDataHelpers.swift"; sourceTree = "<group>"; };
		96934C7427915FDC00F96541 /* EditItemView.swift */ = {isa = PBXFileReference; lastKnownFileType = sourcecode.swift; path = EditItemView.swift; sourceTree = "<group>"; };
		96934C762791678C00F96541 /* ItemRowView.swift */ = {isa = PBXFileReference; lastKnownFileType = sourcecode.swift; path = ItemRowView.swift; sourceTree = "<group>"; };
		96934C782791715300F96541 /* Binding-OnChange.swift */ = {isa = PBXFileReference; lastKnownFileType = sourcecode.swift; path = "Binding-OnChange.swift"; sourceTree = "<group>"; };
		96934C7A279175DC00F96541 /* ProjectHeaderView.swift */ = {isa = PBXFileReference; lastKnownFileType = sourcecode.swift; path = ProjectHeaderView.swift; sourceTree = "<group>"; };
		96934C7C2791790F00F96541 /* Colors.xcassets */ = {isa = PBXFileReference; lastKnownFileType = folder.assetcatalog; path = Colors.xcassets; sourceTree = "<group>"; };
		96934C7E27918CAD00F96541 /* EditProjectView.swift */ = {isa = PBXFileReference; lastKnownFileType = sourcecode.swift; path = EditProjectView.swift; sourceTree = "<group>"; };
		96FC33A727926ED40088A500 /* Sequence-Sorting.swift */ = {isa = PBXFileReference; lastKnownFileType = sourcecode.swift; path = "Sequence-Sorting.swift"; sourceTree = "<group>"; };
/* End PBXFileReference section */

/* Begin PBXFrameworksBuildPhase section */
		9641FF3E279011C000BA0A1E /* Frameworks */ = {
			isa = PBXFrameworksBuildPhase;
			buildActionMask = 2147483647;
			files = (
				964C87F82790317500C2B98D /* CloudKit.framework in Frameworks */,
			);
			runOnlyForDeploymentPostprocessing = 0;
		};
/* End PBXFrameworksBuildPhase section */

/* Begin PBXGroup section */
		9641FF38279011C000BA0A1E = {
			isa = PBXGroup;
			children = (
				9641FF43279011C000BA0A1E /* UltimatePortfolio */,
				9641FF42279011C000BA0A1E /* Products */,
				964C87F62790317500C2B98D /* Frameworks */,
			);
			sourceTree = "<group>";
		};
		9641FF42279011C000BA0A1E /* Products */ = {
			isa = PBXGroup;
			children = (
				9641FF41279011C000BA0A1E /* UltimatePortfolio.app */,
			);
			name = Products;
			sourceTree = "<group>";
		};
		9641FF43279011C000BA0A1E /* UltimatePortfolio */ = {
			isa = PBXGroup;
			children = (
				9641FF582790303C00BA0A1E /* Info.plist */,
				9641FF572790301B00BA0A1E /* UltimatePortfolio.entitlements */,
				9641FF44279011C000BA0A1E /* UltimatePortfolioApp.swift */,
				9641FF46279011C000BA0A1E /* ContentView.swift */,
				96934C7427915FDC00F96541 /* EditItemView.swift */,
				96934C7E27918CAD00F96541 /* EditProjectView.swift */,
				96934C7A279175DC00F96541 /* ProjectHeaderView.swift */,
				964C87FF279111A900C2B98D /* Item-CoreDataHelpers.swift */,
				96934C72279112C000F96541 /* Project-CoreDataHelpers.swift */,
				964C87F92790328D00C2B98D /* HomeView.swift */,
				964C87FB2790333500C2B98D /* ProjectsView.swift */,
				96FC33A727926ED40088A500 /* Sequence-Sorting.swift */,
				96934C782791715300F96541 /* Binding-OnChange.swift */,
				96934C762791678C00F96541 /* ItemRowView.swift */,
				9641FF55279014A200BA0A1E /* DataController.swift */,
				96934C7C2791790F00F96541 /* Colors.xcassets */,
				9641FF52279011DB00BA0A1E /* Main.xcdatamodeld */,
				9641FF48279011C700BA0A1E /* Assets.xcassets */,
				9641FF4A279011C700BA0A1E /* Preview Content */,
			);
			path = UltimatePortfolio;
			sourceTree = "<group>";
		};
		9641FF4A279011C700BA0A1E /* Preview Content */ = {
			isa = PBXGroup;
			children = (
				9641FF4B279011C700BA0A1E /* Preview Assets.xcassets */,
			);
			path = "Preview Content";
			sourceTree = "<group>";
		};
		964C87F62790317500C2B98D /* Frameworks */ = {
			isa = PBXGroup;
			children = (
				964C87F72790317500C2B98D /* CloudKit.framework */,
			);
			name = Frameworks;
			sourceTree = "<group>";
		};
/* End PBXGroup section */

/* Begin PBXNativeTarget section */
		9641FF40279011C000BA0A1E /* UltimatePortfolio */ = {
			isa = PBXNativeTarget;
			buildConfigurationList = 9641FF4F279011C700BA0A1E /* Build configuration list for PBXNativeTarget "UltimatePortfolio" */;
			buildPhases = (
				9641FF3D279011C000BA0A1E /* Sources */,
				9641FF3E279011C000BA0A1E /* Frameworks */,
				9641FF3F279011C000BA0A1E /* Resources */,
			);
			buildRules = (
			);
			dependencies = (
			);
			name = UltimatePortfolio;
			productName = UltimatePortfolio;
			productReference = 9641FF41279011C000BA0A1E /* UltimatePortfolio.app */;
			productType = "com.apple.product-type.application";
		};
/* End PBXNativeTarget section */

/* Begin PBXProject section */
		9641FF39279011C000BA0A1E /* Project object */ = {
			isa = PBXProject;
			attributes = {
				BuildIndependentTargetsInParallel = 1;
				LastSwiftUpdateCheck = 1320;
				LastUpgradeCheck = 1320;
				TargetAttributes = {
					9641FF40279011C000BA0A1E = {
						CreatedOnToolsVersion = 13.2.1;
					};
				};
			};
			buildConfigurationList = 9641FF3C279011C000BA0A1E /* Build configuration list for PBXProject "UltimatePortfolio" */;
			compatibilityVersion = "Xcode 13.0";
			developmentRegion = en;
			hasScannedForEncodings = 0;
			knownRegions = (
				en,
				Base,
			);
			mainGroup = 9641FF38279011C000BA0A1E;
			productRefGroup = 9641FF42279011C000BA0A1E /* Products */;
			projectDirPath = "";
			projectRoot = "";
			targets = (
				9641FF40279011C000BA0A1E /* UltimatePortfolio */,
			);
		};
/* End PBXProject section */

/* Begin PBXResourcesBuildPhase section */
		9641FF3F279011C000BA0A1E /* Resources */ = {
			isa = PBXResourcesBuildPhase;
			buildActionMask = 2147483647;
			files = (
				96934C7D2791790F00F96541 /* Colors.xcassets in Resources */,
				9641FF4C279011C700BA0A1E /* Preview Assets.xcassets in Resources */,
				9641FF49279011C700BA0A1E /* Assets.xcassets in Resources */,
			);
			runOnlyForDeploymentPostprocessing = 0;
		};
/* End PBXResourcesBuildPhase section */

/* Begin PBXSourcesBuildPhase section */
		9641FF3D279011C000BA0A1E /* Sources */ = {
			isa = PBXSourcesBuildPhase;
			buildActionMask = 2147483647;
			files = (
				964C87FC2790333500C2B98D /* ProjectsView.swift in Sources */,
				96934C7B279175DC00F96541 /* ProjectHeaderView.swift in Sources */,
				9641FF54279011DB00BA0A1E /* Main.xcdatamodeld in Sources */,
				96934C73279112C000F96541 /* Project-CoreDataHelpers.swift in Sources */,
				96934C7F27918CAD00F96541 /* EditProjectView.swift in Sources */,
				9641FF56279014A200BA0A1E /* DataController.swift in Sources */,
				96934C772791678C00F96541 /* ItemRowView.swift in Sources */,
				9641FF47279011C000BA0A1E /* ContentView.swift in Sources */,
				96934C792791715300F96541 /* Binding-OnChange.swift in Sources */,
				96FC33A827926ED40088A500 /* Sequence-Sorting.swift in Sources */,
				964C87FA2790328D00C2B98D /* HomeView.swift in Sources */,
				9641FF45279011C000BA0A1E /* UltimatePortfolioApp.swift in Sources */,
				964C8800279111A900C2B98D /* Item-CoreDataHelpers.swift in Sources */,
				96934C7527915FDC00F96541 /* EditItemView.swift in Sources */,
			);
			runOnlyForDeploymentPostprocessing = 0;
		};
/* End PBXSourcesBuildPhase section */

/* Begin XCBuildConfiguration section */
		9641FF4D279011C700BA0A1E /* Debug */ = {
			isa = XCBuildConfiguration;
			buildSettings = {
				ALWAYS_SEARCH_USER_PATHS = NO;
				CLANG_ANALYZER_NONNULL = YES;
				CLANG_ANALYZER_NUMBER_OBJECT_CONVERSION = YES_AGGRESSIVE;
				CLANG_CXX_LANGUAGE_STANDARD = "gnu++17";
				CLANG_CXX_LIBRARY = "libc++";
				CLANG_ENABLE_MODULES = YES;
				CLANG_ENABLE_OBJC_ARC = YES;
				CLANG_ENABLE_OBJC_WEAK = YES;
				CLANG_WARN_BLOCK_CAPTURE_AUTORELEASING = YES;
				CLANG_WARN_BOOL_CONVERSION = YES;
				CLANG_WARN_COMMA = YES;
				CLANG_WARN_CONSTANT_CONVERSION = YES;
				CLANG_WARN_DEPRECATED_OBJC_IMPLEMENTATIONS = YES;
				CLANG_WARN_DIRECT_OBJC_ISA_USAGE = YES_ERROR;
				CLANG_WARN_DOCUMENTATION_COMMENTS = YES;
				CLANG_WARN_EMPTY_BODY = YES;
				CLANG_WARN_ENUM_CONVERSION = YES;
				CLANG_WARN_INFINITE_RECURSION = YES;
				CLANG_WARN_INT_CONVERSION = YES;
				CLANG_WARN_NON_LITERAL_NULL_CONVERSION = YES;
				CLANG_WARN_OBJC_IMPLICIT_RETAIN_SELF = YES;
				CLANG_WARN_OBJC_LITERAL_CONVERSION = YES;
				CLANG_WARN_OBJC_ROOT_CLASS = YES_ERROR;
				CLANG_WARN_QUOTED_INCLUDE_IN_FRAMEWORK_HEADER = YES;
				CLANG_WARN_RANGE_LOOP_ANALYSIS = YES;
				CLANG_WARN_STRICT_PROTOTYPES = YES;
				CLANG_WARN_SUSPICIOUS_MOVE = YES;
				CLANG_WARN_UNGUARDED_AVAILABILITY = YES_AGGRESSIVE;
				CLANG_WARN_UNREACHABLE_CODE = YES;
				CLANG_WARN__DUPLICATE_METHOD_MATCH = YES;
				COPY_PHASE_STRIP = NO;
				DEBUG_INFORMATION_FORMAT = dwarf;
				ENABLE_STRICT_OBJC_MSGSEND = YES;
				ENABLE_TESTABILITY = YES;
				GCC_C_LANGUAGE_STANDARD = gnu11;
				GCC_DYNAMIC_NO_PIC = NO;
				GCC_NO_COMMON_BLOCKS = YES;
				GCC_OPTIMIZATION_LEVEL = 0;
				GCC_PREPROCESSOR_DEFINITIONS = (
					"DEBUG=1",
					"$(inherited)",
				);
				GCC_WARN_64_TO_32_BIT_CONVERSION = YES;
				GCC_WARN_ABOUT_RETURN_TYPE = YES_ERROR;
				GCC_WARN_UNDECLARED_SELECTOR = YES;
				GCC_WARN_UNINITIALIZED_AUTOS = YES_AGGRESSIVE;
				GCC_WARN_UNUSED_FUNCTION = YES;
				GCC_WARN_UNUSED_VARIABLE = YES;
				IPHONEOS_DEPLOYMENT_TARGET = 15.2;
				MTL_ENABLE_DEBUG_INFO = INCLUDE_SOURCE;
				MTL_FAST_MATH = YES;
				ONLY_ACTIVE_ARCH = YES;
				SDKROOT = iphoneos;
				SWIFT_ACTIVE_COMPILATION_CONDITIONS = DEBUG;
				SWIFT_OPTIMIZATION_LEVEL = "-Onone";
			};
			name = Debug;
		};
		9641FF4E279011C700BA0A1E /* Release */ = {
			isa = XCBuildConfiguration;
			buildSettings = {
				ALWAYS_SEARCH_USER_PATHS = NO;
				CLANG_ANALYZER_NONNULL = YES;
				CLANG_ANALYZER_NUMBER_OBJECT_CONVERSION = YES_AGGRESSIVE;
				CLANG_CXX_LANGUAGE_STANDARD = "gnu++17";
				CLANG_CXX_LIBRARY = "libc++";
				CLANG_ENABLE_MODULES = YES;
				CLANG_ENABLE_OBJC_ARC = YES;
				CLANG_ENABLE_OBJC_WEAK = YES;
				CLANG_WARN_BLOCK_CAPTURE_AUTORELEASING = YES;
				CLANG_WARN_BOOL_CONVERSION = YES;
				CLANG_WARN_COMMA = YES;
				CLANG_WARN_CONSTANT_CONVERSION = YES;
				CLANG_WARN_DEPRECATED_OBJC_IMPLEMENTATIONS = YES;
				CLANG_WARN_DIRECT_OBJC_ISA_USAGE = YES_ERROR;
				CLANG_WARN_DOCUMENTATION_COMMENTS = YES;
				CLANG_WARN_EMPTY_BODY = YES;
				CLANG_WARN_ENUM_CONVERSION = YES;
				CLANG_WARN_INFINITE_RECURSION = YES;
				CLANG_WARN_INT_CONVERSION = YES;
				CLANG_WARN_NON_LITERAL_NULL_CONVERSION = YES;
				CLANG_WARN_OBJC_IMPLICIT_RETAIN_SELF = YES;
				CLANG_WARN_OBJC_LITERAL_CONVERSION = YES;
				CLANG_WARN_OBJC_ROOT_CLASS = YES_ERROR;
				CLANG_WARN_QUOTED_INCLUDE_IN_FRAMEWORK_HEADER = YES;
				CLANG_WARN_RANGE_LOOP_ANALYSIS = YES;
				CLANG_WARN_STRICT_PROTOTYPES = YES;
				CLANG_WARN_SUSPICIOUS_MOVE = YES;
				CLANG_WARN_UNGUARDED_AVAILABILITY = YES_AGGRESSIVE;
				CLANG_WARN_UNREACHABLE_CODE = YES;
				CLANG_WARN__DUPLICATE_METHOD_MATCH = YES;
				COPY_PHASE_STRIP = NO;
				DEBUG_INFORMATION_FORMAT = "dwarf-with-dsym";
				ENABLE_NS_ASSERTIONS = NO;
				ENABLE_STRICT_OBJC_MSGSEND = YES;
				GCC_C_LANGUAGE_STANDARD = gnu11;
				GCC_NO_COMMON_BLOCKS = YES;
				GCC_WARN_64_TO_32_BIT_CONVERSION = YES;
				GCC_WARN_ABOUT_RETURN_TYPE = YES_ERROR;
				GCC_WARN_UNDECLARED_SELECTOR = YES;
				GCC_WARN_UNINITIALIZED_AUTOS = YES_AGGRESSIVE;
				GCC_WARN_UNUSED_FUNCTION = YES;
				GCC_WARN_UNUSED_VARIABLE = YES;
				IPHONEOS_DEPLOYMENT_TARGET = 15.2;
				MTL_ENABLE_DEBUG_INFO = NO;
				MTL_FAST_MATH = YES;
				SDKROOT = iphoneos;
				SWIFT_COMPILATION_MODE = wholemodule;
				SWIFT_OPTIMIZATION_LEVEL = "-O";
				VALIDATE_PRODUCT = YES;
			};
			name = Release;
		};
		9641FF50279011C700BA0A1E /* Debug */ = {
			isa = XCBuildConfiguration;
			buildSettings = {
				ASSETCATALOG_COMPILER_APPICON_NAME = AppIcon;
				ASSETCATALOG_COMPILER_GLOBAL_ACCENT_COLOR_NAME = AccentColor;
				CODE_SIGN_ENTITLEMENTS = UltimatePortfolio/UltimatePortfolio.entitlements;
				CODE_SIGN_STYLE = Automatic;
				CURRENT_PROJECT_VERSION = 1;
				DEVELOPMENT_ASSET_PATHS = "\"UltimatePortfolio/Preview Content\"";
				DEVELOPMENT_TEAM = GV8A9ZGNT5;
				ENABLE_PREVIEWS = YES;
				GENERATE_INFOPLIST_FILE = YES;
				INFOPLIST_FILE = UltimatePortfolio/Info.plist;
				INFOPLIST_KEY_UIApplicationSceneManifest_Generation = YES;
				INFOPLIST_KEY_UIApplicationSupportsIndirectInputEvents = YES;
				INFOPLIST_KEY_UILaunchScreen_Generation = YES;
				INFOPLIST_KEY_UISupportedInterfaceOrientations_iPad = "UIInterfaceOrientationPortrait UIInterfaceOrientationPortraitUpsideDown UIInterfaceOrientationLandscapeLeft UIInterfaceOrientationLandscapeRight";
				INFOPLIST_KEY_UISupportedInterfaceOrientations_iPhone = "UIInterfaceOrientationPortrait UIInterfaceOrientationLandscapeLeft UIInterfaceOrientationLandscapeRight";
				LD_RUNPATH_SEARCH_PATHS = (
					"$(inherited)",
					"@executable_path/Frameworks",
				);
				MARKETING_VERSION = 1.0;
				PRODUCT_BUNDLE_IDENTIFIER = app.zhenzhen.UltimatePortfolio;
				PRODUCT_NAME = "$(TARGET_NAME)";
				SWIFT_EMIT_LOC_STRINGS = YES;
				SWIFT_VERSION = 5.0;
				TARGETED_DEVICE_FAMILY = "1,2";
			};
			name = Debug;
		};
		9641FF51279011C700BA0A1E /* Release */ = {
			isa = XCBuildConfiguration;
			buildSettings = {
				ASSETCATALOG_COMPILER_APPICON_NAME = AppIcon;
				ASSETCATALOG_COMPILER_GLOBAL_ACCENT_COLOR_NAME = AccentColor;
				CODE_SIGN_ENTITLEMENTS = UltimatePortfolio/UltimatePortfolio.entitlements;
				CODE_SIGN_STYLE = Automatic;
				CURRENT_PROJECT_VERSION = 1;
				DEVELOPMENT_ASSET_PATHS = "\"UltimatePortfolio/Preview Content\"";
				DEVELOPMENT_TEAM = GV8A9ZGNT5;
				ENABLE_PREVIEWS = YES;
				GENERATE_INFOPLIST_FILE = YES;
				INFOPLIST_FILE = UltimatePortfolio/Info.plist;
				INFOPLIST_KEY_UIApplicationSceneManifest_Generation = YES;
				INFOPLIST_KEY_UIApplicationSupportsIndirectInputEvents = YES;
				INFOPLIST_KEY_UILaunchScreen_Generation = YES;
				INFOPLIST_KEY_UISupportedInterfaceOrientations_iPad = "UIInterfaceOrientationPortrait UIInterfaceOrientationPortraitUpsideDown UIInterfaceOrientationLandscapeLeft UIInterfaceOrientationLandscapeRight";
				INFOPLIST_KEY_UISupportedInterfaceOrientations_iPhone = "UIInterfaceOrientationPortrait UIInterfaceOrientationLandscapeLeft UIInterfaceOrientationLandscapeRight";
				LD_RUNPATH_SEARCH_PATHS = (
					"$(inherited)",
					"@executable_path/Frameworks",
				);
				MARKETING_VERSION = 1.0;
				PRODUCT_BUNDLE_IDENTIFIER = app.zhenzhen.UltimatePortfolio;
				PRODUCT_NAME = "$(TARGET_NAME)";
				SWIFT_EMIT_LOC_STRINGS = YES;
				SWIFT_VERSION = 5.0;
				TARGETED_DEVICE_FAMILY = "1,2";
			};
			name = Release;
		};
/* End XCBuildConfiguration section */

/* Begin XCConfigurationList section */
		9641FF3C279011C000BA0A1E /* Build configuration list for PBXProject "UltimatePortfolio" */ = {
			isa = XCConfigurationList;
			buildConfigurations = (
				9641FF4D279011C700BA0A1E /* Debug */,
				9641FF4E279011C700BA0A1E /* Release */,
			);
			defaultConfigurationIsVisible = 0;
			defaultConfigurationName = Release;
		};
		9641FF4F279011C700BA0A1E /* Build configuration list for PBXNativeTarget "UltimatePortfolio" */ = {
			isa = XCConfigurationList;
			buildConfigurations = (
				9641FF50279011C700BA0A1E /* Debug */,
				9641FF51279011C700BA0A1E /* Release */,
			);
			defaultConfigurationIsVisible = 0;
			defaultConfigurationName = Release;
		};
/* End XCConfigurationList section */

/* Begin XCVersionGroup section */
		9641FF52279011DB00BA0A1E /* Main.xcdatamodeld */ = {
			isa = XCVersionGroup;
			children = (
				9641FF53279011DB00BA0A1E /* Main.xcdatamodel */,
			);
			currentVersion = 9641FF53279011DB00BA0A1E /* Main.xcdatamodel */;
			path = Main.xcdatamodeld;
			sourceTree = "<group>";
			versionGroupType = wrapper.xcdatamodel;
		};
/* End XCVersionGroup section */
	};
	rootObject = 9641FF39279011C000BA0A1E /* Project object */;
}
